
Microsoft Visual Studio Solution File, Format Version 12.00
# Visual Studio Version 16
VisualStudioVersion = 16.0.34902.97
MinimumVisualStudioVersion = 10.0.40219.1
Project("{FAE04EC0-301F-11D3-BF4B-00C04F79EFBC}") = "KITNG_DWG_Sheets_table", "KITNG_DWG_Sheets_table\KITNG_DWG_Sheets_table.csproj", "{017FEECC-E829-45A6-A439-F1F102925D58}"
EndProject
Global
	GlobalSection(SolutionConfigurationPlatforms) = preSolution
		Debug|Any CPU = Debug|Any CPU
		Release|Any CPU = Release|Any CPU
	EndGlobalSection
	GlobalSection(ProjectConfigurationPlatforms) = postSolution
		{017FEECC-E829-45A6-A439-F1F102925D58}.Debug|Any CPU.ActiveCfg = Debug|Any CPU
		{017FEECC-E829-45A6-A439-F1F102925D58}.Debug|Any CPU.Build.0 = Debug|Any CPU
		{017FEECC-E829-45A6-A439-F1F102925D58}.Release|Any CPU.ActiveCfg = Release|Any CPU
		{017FEECC-E829-45A6-A439-F1F102925D58}.Release|Any CPU.Build.0 = Release|Any CPU
	EndGlobalSection
	GlobalSection(SolutionProperties) = preSolution
		HideSolutionNode = FALSE
	EndGlobalSection
	GlobalSection(ExtensibilityGlobals) = postSolution
		SolutionGuid = {7AF0D710-234C-435A-A668-E396D8618841}
	EndGlobalSection
EndGlobal
